// !$*UTF8*$!
{
	archiveVersion = 1;
	classes = {
	};
	objectVersion = 51;
	objects = {

/* Begin PBXBuildFile section */
		83533DBC2427AAED00E49C99 /* adventpro-medium.ttf in Resources */ = {isa = PBXBuildFile; fileRef = 83533DB52427AAED00E49C99 /* adventpro-medium.ttf */; };
		83533DBD2427AAED00E49C99 /* adventpro-regular.ttf in Resources */ = {isa = PBXBuildFile; fileRef = 83533DB62427AAED00E49C99 /* adventpro-regular.ttf */; };
		83533DBE2427AAED00E49C99 /* adventpro-bold.ttf in Resources */ = {isa = PBXBuildFile; fileRef = 83533DB72427AAED00E49C99 /* adventpro-bold.ttf */; };
		83533DBF2427AAED00E49C99 /* adventpro-thin.ttf in Resources */ = {isa = PBXBuildFile; fileRef = 83533DB82427AAED00E49C99 /* adventpro-thin.ttf */; };
		83533DC02427AAED00E49C99 /* adventpro-extralight.ttf in Resources */ = {isa = PBXBuildFile; fileRef = 83533DB92427AAED00E49C99 /* adventpro-extralight.ttf */; };
		83533DC12427AAED00E49C99 /* adventpro-semibold.ttf in Resources */ = {isa = PBXBuildFile; fileRef = 83533DBA2427AAED00E49C99 /* adventpro-semibold.ttf */; };
		83533DC22427AAED00E49C99 /* adventpro-light.ttf in Resources */ = {isa = PBXBuildFile; fileRef = 83533DBB2427AAED00E49C99 /* adventpro-light.ttf */; };
		83533DC42428022600E49C99 /* TableViewCell.swift in Sources */ = {isa = PBXBuildFile; fileRef = 83533DC32428022600E49C99 /* TableViewCell.swift */; };
		83533DC62428023B00E49C99 /* TableViewCell.xib in Resources */ = {isa = PBXBuildFile; fileRef = 83533DC52428023B00E49C99 /* TableViewCell.xib */; };
		838499EF2427A03600EC18CF /* AppDelegate.swift in Sources */ = {isa = PBXBuildFile; fileRef = 838499EE2427A03600EC18CF /* AppDelegate.swift */; };
		838499F32427A03600EC18CF /* MainViewController.swift in Sources */ = {isa = PBXBuildFile; fileRef = 838499F22427A03600EC18CF /* MainViewController.swift */; };
		838499F62427A03600EC18CF /* MainViewController.storyboard in Resources */ = {isa = PBXBuildFile; fileRef = 838499F42427A03600EC18CF /* MainViewController.storyboard */; };
		838499F82427A03800EC18CF /* Assets.xcassets in Resources */ = {isa = PBXBuildFile; fileRef = 838499F72427A03800EC18CF /* Assets.xcassets */; };
		838499FB2427A03800EC18CF /* LaunchScreen.storyboard in Resources */ = {isa = PBXBuildFile; fileRef = 838499F92427A03800EC18CF /* LaunchScreen.storyboard */; };
		83849A092427A49E00EC18CF /* R.generated.swift in Sources */ = {isa = PBXBuildFile; fileRef = 83849A082427A49E00EC18CF /* R.generated.swift */; };
		83849A0B2427A73E00EC18CF /* TopBar.xib in Resources */ = {isa = PBXBuildFile; fileRef = 83849A0A2427A73E00EC18CF /* TopBar.xib */; };
		83849A0D2427A75000EC18CF /* TopBar.swift in Sources */ = {isa = PBXBuildFile; fileRef = 83849A0C2427A75000EC18CF /* TopBar.swift */; };
		FA829F5EA0C7FD853DCDC918 /* Pods_iOS_IleMonet_NBP.framework in Frameworks */ = {isa = PBXBuildFile; fileRef = 8E9B7A331226D3B5A9174DBF /* Pods_iOS_IleMonet_NBP.framework */; };
/* End PBXBuildFile section */

/* Begin PBXFileReference section */
		324782CF0C3B6E89F79671B3 /* Pods-iOS-IleMonet-NBP.debug.xcconfig */ = {isa = PBXFileReference; includeInIndex = 1; lastKnownFileType = text.xcconfig; name = "Pods-iOS-IleMonet-NBP.debug.xcconfig"; path = "Target Support Files/Pods-iOS-IleMonet-NBP/Pods-iOS-IleMonet-NBP.debug.xcconfig"; sourceTree = "<group>"; };
		811809C396B4DC6B6A4DBC2D /* Pods-iOS-IleMonet-NBP.release.xcconfig */ = {isa = PBXFileReference; includeInIndex = 1; lastKnownFileType = text.xcconfig; name = "Pods-iOS-IleMonet-NBP.release.xcconfig"; path = "Target Support Files/Pods-iOS-IleMonet-NBP/Pods-iOS-IleMonet-NBP.release.xcconfig"; sourceTree = "<group>"; };
		83533DB22427A98400E49C99 /* Info.plist */ = {isa = PBXFileReference; lastKnownFileType = text.plist.xml; path = Info.plist; sourceTree = "<group>"; };
		83533DB52427AAED00E49C99 /* adventpro-medium.ttf */ = {isa = PBXFileReference; lastKnownFileType = file; path = "adventpro-medium.ttf"; sourceTree = "<group>"; };
		83533DB62427AAED00E49C99 /* adventpro-regular.ttf */ = {isa = PBXFileReference; lastKnownFileType = file; path = "adventpro-regular.ttf"; sourceTree = "<group>"; };
		83533DB72427AAED00E49C99 /* adventpro-bold.ttf */ = {isa = PBXFileReference; lastKnownFileType = file; path = "adventpro-bold.ttf"; sourceTree = "<group>"; };
		83533DB82427AAED00E49C99 /* adventpro-thin.ttf */ = {isa = PBXFileReference; lastKnownFileType = file; path = "adventpro-thin.ttf"; sourceTree = "<group>"; };
		83533DB92427AAED00E49C99 /* adventpro-extralight.ttf */ = {isa = PBXFileReference; lastKnownFileType = file; path = "adventpro-extralight.ttf"; sourceTree = "<group>"; };
		83533DBA2427AAED00E49C99 /* adventpro-semibold.ttf */ = {isa = PBXFileReference; lastKnownFileType = file; path = "adventpro-semibold.ttf"; sourceTree = "<group>"; };
		83533DBB2427AAED00E49C99 /* adventpro-light.ttf */ = {isa = PBXFileReference; lastKnownFileType = file; path = "adventpro-light.ttf"; sourceTree = "<group>"; };
		83533DC32428022600E49C99 /* TableViewCell.swift */ = {isa = PBXFileReference; lastKnownFileType = sourcecode.swift; path = TableViewCell.swift; sourceTree = "<group>"; };
		83533DC52428023B00E49C99 /* TableViewCell.xib */ = {isa = PBXFileReference; lastKnownFileType = file.xib; path = TableViewCell.xib; sourceTree = "<group>"; };
		838499EB2427A03600EC18CF /* iOS-IleMonet-NBP.app */ = {isa = PBXFileReference; explicitFileType = wrapper.application; includeInIndex = 0; path = "iOS-IleMonet-NBP.app"; sourceTree = BUILT_PRODUCTS_DIR; };
		838499EE2427A03600EC18CF /* AppDelegate.swift */ = {isa = PBXFileReference; lastKnownFileType = sourcecode.swift; path = AppDelegate.swift; sourceTree = "<group>"; };
		838499F22427A03600EC18CF /* MainViewController.swift */ = {isa = PBXFileReference; lastKnownFileType = sourcecode.swift; path = MainViewController.swift; sourceTree = "<group>"; };
		838499F52427A03600EC18CF /* Base */ = {isa = PBXFileReference; lastKnownFileType = file.storyboard; name = Base; path = Base.lproj/MainViewController.storyboard; sourceTree = "<group>"; };
		838499F72427A03800EC18CF /* Assets.xcassets */ = {isa = PBXFileReference; lastKnownFileType = folder.assetcatalog; path = Assets.xcassets; sourceTree = "<group>"; };
		838499FA2427A03800EC18CF /* Base */ = {isa = PBXFileReference; lastKnownFileType = file.storyboard; name = Base; path = Base.lproj/LaunchScreen.storyboard; sourceTree = "<group>"; };
		83849A082427A49E00EC18CF /* R.generated.swift */ = {isa = PBXFileReference; fileEncoding = 4; lastKnownFileType = sourcecode.swift; path = R.generated.swift; sourceTree = SOURCE_ROOT; };
		83849A0A2427A73E00EC18CF /* TopBar.xib */ = {isa = PBXFileReference; lastKnownFileType = file.xib; path = TopBar.xib; sourceTree = "<group>"; };
		83849A0C2427A75000EC18CF /* TopBar.swift */ = {isa = PBXFileReference; lastKnownFileType = sourcecode.swift; path = TopBar.swift; sourceTree = "<group>"; };
		8E9B7A331226D3B5A9174DBF /* Pods_iOS_IleMonet_NBP.framework */ = {isa = PBXFileReference; explicitFileType = wrapper.framework; includeInIndex = 0; path = Pods_iOS_IleMonet_NBP.framework; sourceTree = BUILT_PRODUCTS_DIR; };
/* End PBXFileReference section */

/* Begin PBXFrameworksBuildPhase section */
		838499E82427A03600EC18CF /* Frameworks */ = {
			isa = PBXFrameworksBuildPhase;
			buildActionMask = 2147483647;
			files = (
				FA829F5EA0C7FD853DCDC918 /* Pods_iOS_IleMonet_NBP.framework in Frameworks */,
			);
			runOnlyForDeploymentPostprocessing = 0;
		};
/* End PBXFrameworksBuildPhase section */

/* Begin PBXGroup section */
		00ADE77FF796E75082AAB265 /* Pods */ = {
			isa = PBXGroup;
			children = (
				324782CF0C3B6E89F79671B3 /* Pods-iOS-IleMonet-NBP.debug.xcconfig */,
				811809C396B4DC6B6A4DBC2D /* Pods-iOS-IleMonet-NBP.release.xcconfig */,
			);
			path = Pods;
			sourceTree = "<group>";
		};
		83533DB32427AA8F00E49C99 /* Resources */ = {
			isa = PBXGroup;
			children = (
				83533DB42427AA9B00E49C99 /* Fonts */,
			);
			path = Resources;
			sourceTree = "<group>";
		};
		83533DB42427AA9B00E49C99 /* Fonts */ = {
			isa = PBXGroup;
			children = (
				83533DB72427AAED00E49C99 /* adventpro-bold.ttf */,
				83533DB92427AAED00E49C99 /* adventpro-extralight.ttf */,
				83533DBB2427AAED00E49C99 /* adventpro-light.ttf */,
				83533DB52427AAED00E49C99 /* adventpro-medium.ttf */,
				83533DB62427AAED00E49C99 /* adventpro-regular.ttf */,
				83533DBA2427AAED00E49C99 /* adventpro-semibold.ttf */,
				83533DB82427AAED00E49C99 /* adventpro-thin.ttf */,
			);
			path = Fonts;
			sourceTree = "<group>";
		};
		838499E22427A03600EC18CF = {
			isa = PBXGroup;
			children = (
				838499ED2427A03600EC18CF /* iOS-IleMonet-NBP */,
				838499EC2427A03600EC18CF /* Products */,
				00ADE77FF796E75082AAB265 /* Pods */,
				D44FA58214EABBF67127544F /* Frameworks */,
			);
			sourceTree = "<group>";
		};
		838499EC2427A03600EC18CF /* Products */ = {
			isa = PBXGroup;
			children = (
				838499EB2427A03600EC18CF /* iOS-IleMonet-NBP.app */,
			);
			name = Products;
			sourceTree = "<group>";
		};
		838499ED2427A03600EC18CF /* iOS-IleMonet-NBP */ = {
			isa = PBXGroup;
			children = (
				83849A022427A30700EC18CF /* Model */,
				83849A052427A32500EC18CF /* View */,
				83849A032427A31200EC18CF /* Controller */,
				83533DB32427AA8F00E49C99 /* Resources */,
				838499EE2427A03600EC18CF /* AppDelegate.swift */,
				838499F72427A03800EC18CF /* Assets.xcassets */,
				838499F92427A03800EC18CF /* LaunchScreen.storyboard */,
				83849A082427A49E00EC18CF /* R.generated.swift */,
				83533DB22427A98400E49C99 /* Info.plist */,
			);
			path = "iOS-IleMonet-NBP";
			sourceTree = "<group>";
		};
		83849A022427A30700EC18CF /* Model */ = {
			isa = PBXGroup;
			children = (
			);
			path = Model;
			sourceTree = "<group>";
		};
		83849A032427A31200EC18CF /* Controller */ = {
			isa = PBXGroup;
			children = (
				838499F22427A03600EC18CF /* MainViewController.swift */,
				838499F42427A03600EC18CF /* MainViewController.storyboard */,
			);
			path = Controller;
			sourceTree = "<group>";
		};
		83849A052427A32500EC18CF /* View */ = {
			isa = PBXGroup;
			children = (
				83849A062427A3B200EC18CF /* Cells */,
			);
			path = View;
			sourceTree = "<group>";
		};
		83849A062427A3B200EC18CF /* Cells */ = {
			isa = PBXGroup;
			children = (
				83849A0A2427A73E00EC18CF /* TopBar.xib */,
				83849A0C2427A75000EC18CF /* TopBar.swift */,
				83533DC32428022600E49C99 /* TableViewCell.swift */,
				83533DC52428023B00E49C99 /* TableViewCell.xib */,
			);
			path = Cells;
			sourceTree = "<group>";
		};
		D44FA58214EABBF67127544F /* Frameworks */ = {
			isa = PBXGroup;
			children = (
				8E9B7A331226D3B5A9174DBF /* Pods_iOS_IleMonet_NBP.framework */,
			);
			name = Frameworks;
			sourceTree = "<group>";
		};
/* End PBXGroup section */

/* Begin PBXNativeTarget section */
		838499EA2427A03600EC18CF /* iOS-IleMonet-NBP */ = {
			isa = PBXNativeTarget;
			buildConfigurationList = 838499FF2427A03800EC18CF /* Build configuration list for PBXNativeTarget "iOS-IleMonet-NBP" */;
			buildPhases = (
				25EF0ECC39B088D29E7B7D8F /* [CP] Check Pods Manifest.lock */,
				83849A072427A42300EC18CF /* ShellScript */,
				838499E72427A03600EC18CF /* Sources */,
				838499E82427A03600EC18CF /* Frameworks */,
				838499E92427A03600EC18CF /* Resources */,
				CD933DF66BA02D2551790FE8 /* [CP] Embed Pods Frameworks */,
			);
			buildRules = (
			);
			dependencies = (
			);
			name = "iOS-IleMonet-NBP";
			productName = "iOS-IleMonet-NBP";
			productReference = 838499EB2427A03600EC18CF /* iOS-IleMonet-NBP.app */;
			productType = "com.apple.product-type.application";
		};
/* End PBXNativeTarget section */

/* Begin PBXProject section */
		838499E32427A03600EC18CF /* Project object */ = {
			isa = PBXProject;
			attributes = {
				LastSwiftUpdateCheck = 1120;
				LastUpgradeCheck = 1120;
				ORGANIZATIONNAME = "Cezary Muniak";
				TargetAttributes = {
					838499EA2427A03600EC18CF = {
						CreatedOnToolsVersion = 11.2.1;
					};
				};
			};
			buildConfigurationList = 838499E62427A03600EC18CF /* Build configuration list for PBXProject "iOS-IleMonet-NBP" */;
			compatibilityVersion = "Xcode 9.3";
			developmentRegion = en;
			hasScannedForEncodings = 0;
			knownRegions = (
				en,
				Base,
			);
			mainGroup = 838499E22427A03600EC18CF;
			productRefGroup = 838499EC2427A03600EC18CF /* Products */;
			projectDirPath = "";
			projectRoot = "";
			targets = (
				838499EA2427A03600EC18CF /* iOS-IleMonet-NBP */,
			);
		};
/* End PBXProject section */

/* Begin PBXResourcesBuildPhase section */
		838499E92427A03600EC18CF /* Resources */ = {
			isa = PBXResourcesBuildPhase;
			buildActionMask = 2147483647;
			files = (
				83533DBC2427AAED00E49C99 /* adventpro-medium.ttf in Resources */,
				83533DC62428023B00E49C99 /* TableViewCell.xib in Resources */,
				83533DBF2427AAED00E49C99 /* adventpro-thin.ttf in Resources */,
				83533DBD2427AAED00E49C99 /* adventpro-regular.ttf in Resources */,
				83533DBE2427AAED00E49C99 /* adventpro-bold.ttf in Resources */,
				838499FB2427A03800EC18CF /* LaunchScreen.storyboard in Resources */,
				838499F82427A03800EC18CF /* Assets.xcassets in Resources */,
				838499F62427A03600EC18CF /* MainViewController.storyboard in Resources */,
				83533DC12427AAED00E49C99 /* adventpro-semibold.ttf in Resources */,
				83533DC22427AAED00E49C99 /* adventpro-light.ttf in Resources */,
				83533DC02427AAED00E49C99 /* adventpro-extralight.ttf in Resources */,
				83849A0B2427A73E00EC18CF /* TopBar.xib in Resources */,
			);
			runOnlyForDeploymentPostprocessing = 0;
		};
/* End PBXResourcesBuildPhase section */

/* Begin PBXShellScriptBuildPhase section */
		25EF0ECC39B088D29E7B7D8F /* [CP] Check Pods Manifest.lock */ = {
			isa = PBXShellScriptBuildPhase;
			buildActionMask = 2147483647;
			files = (
			);
			inputFileListPaths = (
			);
			inputPaths = (
				"${PODS_PODFILE_DIR_PATH}/Podfile.lock",
				"${PODS_ROOT}/Manifest.lock",
			);
			name = "[CP] Check Pods Manifest.lock";
			outputFileListPaths = (
			);
			outputPaths = (
				"$(DERIVED_FILE_DIR)/Pods-iOS-IleMonet-NBP-checkManifestLockResult.txt",
			);
			runOnlyForDeploymentPostprocessing = 0;
			shellPath = /bin/sh;
			shellScript = "diff \"${PODS_PODFILE_DIR_PATH}/Podfile.lock\" \"${PODS_ROOT}/Manifest.lock\" > /dev/null\nif [ $? != 0 ] ; then\n    # print error to STDERR\n    echo \"error: The sandbox is not in sync with the Podfile.lock. Run 'pod install' or update your CocoaPods installation.\" >&2\n    exit 1\nfi\n# This output is used by Xcode 'outputs' to avoid re-running this script phase.\necho \"SUCCESS\" > \"${SCRIPT_OUTPUT_FILE_0}\"\n";
			showEnvVarsInLog = 0;
		};
		83849A072427A42300EC18CF /* ShellScript */ = {
			isa = PBXShellScriptBuildPhase;
			buildActionMask = 2147483647;
			files = (
			);
			inputFileListPaths = (
			);
			inputPaths = (
				"$TEMP_DIR/rswift-lastrun",
			);
			outputFileListPaths = (
			);
			outputPaths = (
				$SRCROOT/R.generated.swift,
			);
			runOnlyForDeploymentPostprocessing = 0;
			shellPath = /bin/sh;
			shellScript = "\"$PODS_ROOT/R.swift/rswift\" generate \"$SRCROOT/R.generated.swift\"\n";
		};
		CD933DF66BA02D2551790FE8 /* [CP] Embed Pods Frameworks */ = {
			isa = PBXShellScriptBuildPhase;
			buildActionMask = 2147483647;
			files = (
			);
			inputFileListPaths = (
				"${PODS_ROOT}/Target Support Files/Pods-iOS-IleMonet-NBP/Pods-iOS-IleMonet-NBP-frameworks-${CONFIGURATION}-input-files.xcfilelist",
			);
			name = "[CP] Embed Pods Frameworks";
			outputFileListPaths = (
				"${PODS_ROOT}/Target Support Files/Pods-iOS-IleMonet-NBP/Pods-iOS-IleMonet-NBP-frameworks-${CONFIGURATION}-output-files.xcfilelist",
			);
			runOnlyForDeploymentPostprocessing = 0;
			shellPath = /bin/sh;
			shellScript = "\"${PODS_ROOT}/Target Support Files/Pods-iOS-IleMonet-NBP/Pods-iOS-IleMonet-NBP-frameworks.sh\"\n";
			showEnvVarsInLog = 0;
		};
/* End PBXShellScriptBuildPhase section */

/* Begin PBXSourcesBuildPhase section */
		838499E72427A03600EC18CF /* Sources */ = {
			isa = PBXSourcesBuildPhase;
			buildActionMask = 2147483647;
			files = (
				83533DC42428022600E49C99 /* TableViewCell.swift in Sources */,
				838499F32427A03600EC18CF /* MainViewController.swift in Sources */,
				838499EF2427A03600EC18CF /* AppDelegate.swift in Sources */,
				83849A092427A49E00EC18CF /* R.generated.swift in Sources */,
				83849A0D2427A75000EC18CF /* TopBar.swift in Sources */,
			);
			runOnlyForDeploymentPostprocessing = 0;
		};
/* End PBXSourcesBuildPhase section */

/* Begin PBXVariantGroup section */
		838499F42427A03600EC18CF /* MainViewController.storyboard */ = {
			isa = PBXVariantGroup;
			children = (
				838499F52427A03600EC18CF /* Base */,
			);
			name = MainViewController.storyboard;
			sourceTree = "<group>";
		};
		838499F92427A03800EC18CF /* LaunchScreen.storyboard */ = {
			isa = PBXVariantGroup;
			children = (
				838499FA2427A03800EC18CF /* Base */,
			);
			name = LaunchScreen.storyboard;
			sourceTree = "<group>";
		};
/* End PBXVariantGroup section */

/* Begin XCBuildConfiguration section */
		838499FD2427A03800EC18CF /* Debug */ = {
			isa = XCBuildConfiguration;
			buildSettings = {
				ALWAYS_SEARCH_USER_PATHS = NO;
				CLANG_ANALYZER_NONNULL = YES;
				CLANG_ANALYZER_NUMBER_OBJECT_CONVERSION = YES_AGGRESSIVE;
				CLANG_CXX_LANGUAGE_STANDARD = "gnu++14";
				CLANG_CXX_LIBRARY = "libc++";
				CLANG_ENABLE_MODULES = YES;
				CLANG_ENABLE_OBJC_ARC = YES;
				CLANG_ENABLE_OBJC_WEAK = YES;
				CLANG_WARN_BLOCK_CAPTURE_AUTORELEASING = YES;
				CLANG_WARN_BOOL_CONVERSION = YES;
				CLANG_WARN_COMMA = YES;
				CLANG_WARN_CONSTANT_CONVERSION = YES;
				CLANG_WARN_DEPRECATED_OBJC_IMPLEMENTATIONS = YES;
				CLANG_WARN_DIRECT_OBJC_ISA_USAGE = YES_ERROR;
				CLANG_WARN_DOCUMENTATION_COMMENTS = YES;
				CLANG_WARN_EMPTY_BODY = YES;
				CLANG_WARN_ENUM_CONVERSION = YES;
				CLANG_WARN_INFINITE_RECURSION = YES;
				CLANG_WARN_INT_CONVERSION = YES;
				CLANG_WARN_NON_LITERAL_NULL_CONVERSION = YES;
				CLANG_WARN_OBJC_IMPLICIT_RETAIN_SELF = YES;
				CLANG_WARN_OBJC_LITERAL_CONVERSION = YES;
				CLANG_WARN_OBJC_ROOT_CLASS = YES_ERROR;
				CLANG_WARN_RANGE_LOOP_ANALYSIS = YES;
				CLANG_WARN_STRICT_PROTOTYPES = YES;
				CLANG_WARN_SUSPICIOUS_MOVE = YES;
				CLANG_WARN_UNGUARDED_AVAILABILITY = YES_AGGRESSIVE;
				CLANG_WARN_UNREACHABLE_CODE = YES;
				CLANG_WARN__DUPLICATE_METHOD_MATCH = YES;
				COPY_PHASE_STRIP = NO;
				DEBUG_INFORMATION_FORMAT = dwarf;
				ENABLE_STRICT_OBJC_MSGSEND = YES;
				ENABLE_TESTABILITY = YES;
				GCC_C_LANGUAGE_STANDARD = gnu11;
				GCC_DYNAMIC_NO_PIC = NO;
				GCC_NO_COMMON_BLOCKS = YES;
				GCC_OPTIMIZATION_LEVEL = 0;
				GCC_PREPROCESSOR_DEFINITIONS = (
					"DEBUG=1",
					"$(inherited)",
				);
				GCC_WARN_64_TO_32_BIT_CONVERSION = YES;
				GCC_WARN_ABOUT_RETURN_TYPE = YES_ERROR;
				GCC_WARN_UNDECLARED_SELECTOR = YES;
				GCC_WARN_UNINITIALIZED_AUTOS = YES_AGGRESSIVE;
				GCC_WARN_UNUSED_FUNCTION = YES;
				GCC_WARN_UNUSED_VARIABLE = YES;
				IPHONEOS_DEPLOYMENT_TARGET = 13.2;
				MTL_ENABLE_DEBUG_INFO = INCLUDE_SOURCE;
				MTL_FAST_MATH = YES;
				ONLY_ACTIVE_ARCH = YES;
				SDKROOT = iphoneos;
				SWIFT_ACTIVE_COMPILATION_CONDITIONS = DEBUG;
				SWIFT_OPTIMIZATION_LEVEL = "-Onone";
			};
			name = Debug;
		};
		838499FE2427A03800EC18CF /* Release */ = {
			isa = XCBuildConfiguration;
			buildSettings = {
				ALWAYS_SEARCH_USER_PATHS = NO;
				CLANG_ANALYZER_NONNULL = YES;
				CLANG_ANALYZER_NUMBER_OBJECT_CONVERSION = YES_AGGRESSIVE;
				CLANG_CXX_LANGUAGE_STANDARD = "gnu++14";
				CLANG_CXX_LIBRARY = "libc++";
				CLANG_ENABLE_MODULES = YES;
				CLANG_ENABLE_OBJC_ARC = YES;
				CLANG_ENABLE_OBJC_WEAK = YES;
				CLANG_WARN_BLOCK_CAPTURE_AUTORELEASING = YES;
				CLANG_WARN_BOOL_CONVERSION = YES;
				CLANG_WARN_COMMA = YES;
				CLANG_WARN_CONSTANT_CONVERSION = YES;
				CLANG_WARN_DEPRECATED_OBJC_IMPLEMENTATIONS = YES;
				CLANG_WARN_DIRECT_OBJC_ISA_USAGE = YES_ERROR;
				CLANG_WARN_DOCUMENTATION_COMMENTS = YES;
				CLANG_WARN_EMPTY_BODY = YES;
				CLANG_WARN_ENUM_CONVERSION = YES;
				CLANG_WARN_INFINITE_RECURSION = YES;
				CLANG_WARN_INT_CONVERSION = YES;
				CLANG_WARN_NON_LITERAL_NULL_CONVERSION = YES;
				CLANG_WARN_OBJC_IMPLICIT_RETAIN_SELF = YES;
				CLANG_WARN_OBJC_LITERAL_CONVERSION = YES;
				CLANG_WARN_OBJC_ROOT_CLASS = YES_ERROR;
				CLANG_WARN_RANGE_LOOP_ANALYSIS = YES;
				CLANG_WARN_STRICT_PROTOTYPES = YES;
				CLANG_WARN_SUSPICIOUS_MOVE = YES;
				CLANG_WARN_UNGUARDED_AVAILABILITY = YES_AGGRESSIVE;
				CLANG_WARN_UNREACHABLE_CODE = YES;
				CLANG_WARN__DUPLICATE_METHOD_MATCH = YES;
				COPY_PHASE_STRIP = NO;
				DEBUG_INFORMATION_FORMAT = "dwarf-with-dsym";
				ENABLE_NS_ASSERTIONS = NO;
				ENABLE_STRICT_OBJC_MSGSEND = YES;
				GCC_C_LANGUAGE_STANDARD = gnu11;
				GCC_NO_COMMON_BLOCKS = YES;
				GCC_WARN_64_TO_32_BIT_CONVERSION = YES;
				GCC_WARN_ABOUT_RETURN_TYPE = YES_ERROR;
				GCC_WARN_UNDECLARED_SELECTOR = YES;
				GCC_WARN_UNINITIALIZED_AUTOS = YES_AGGRESSIVE;
				GCC_WARN_UNUSED_FUNCTION = YES;
				GCC_WARN_UNUSED_VARIABLE = YES;
				IPHONEOS_DEPLOYMENT_TARGET = 13.2;
				MTL_ENABLE_DEBUG_INFO = NO;
				MTL_FAST_MATH = YES;
				SDKROOT = iphoneos;
				SWIFT_COMPILATION_MODE = wholemodule;
				SWIFT_OPTIMIZATION_LEVEL = "-O";
				VALIDATE_PRODUCT = YES;
			};
			name = Release;
		};
		83849A002427A03800EC18CF /* Debug */ = {
			isa = XCBuildConfiguration;
			baseConfigurationReference = 324782CF0C3B6E89F79671B3 /* Pods-iOS-IleMonet-NBP.debug.xcconfig */;
			buildSettings = {
				ASSETCATALOG_COMPILER_APPICON_NAME = AppIcon;
				CODE_SIGN_STYLE = Automatic;
				DEVELOPMENT_TEAM = LHD8NBDBFH;
				INFOPLIST_FILE = "iOS-IleMonet-NBP/Info.plist";
				LD_RUNPATH_SEARCH_PATHS = (
					"$(inherited)",
					"@executable_path/Frameworks",
				);
				PRODUCT_BUNDLE_IDENTIFIER = "cm.iOS-IleMonet-NBP";
				PRODUCT_NAME = "$(TARGET_NAME)";
				SWIFT_VERSION = 5.0;
				TARGETED_DEVICE_FAMILY = "1,2";
			};
			name = Debug;
		};
		83849A012427A03800EC18CF /* Release */ = {
			isa = XCBuildConfiguration;
			baseConfigurationReference = 811809C396B4DC6B6A4DBC2D /* Pods-iOS-IleMonet-NBP.release.xcconfig */;
			buildSettings = {
				ASSETCATALOG_COMPILER_APPICON_NAME = AppIcon;
				CODE_SIGN_STYLE = Automatic;
				DEVELOPMENT_TEAM = LHD8NBDBFH;
				INFOPLIST_FILE = "iOS-IleMonet-NBP/Info.plist";
				LD_RUNPATH_SEARCH_PATHS = (
					"$(inherited)",
					"@executable_path/Frameworks",
				);
				PRODUCT_BUNDLE_IDENTIFIER = "cm.iOS-IleMonet-NBP";
				PRODUCT_NAME = "$(TARGET_NAME)";
				SWIFT_VERSION = 5.0;
				TARGETED_DEVICE_FAMILY = "1,2";
			};
			name = Release;
		};
/* End XCBuildConfiguration section */

/* Begin XCConfigurationList section */
		838499E62427A03600EC18CF /* Build configuration list for PBXProject "iOS-IleMonet-NBP" */ = {
			isa = XCConfigurationList;
			buildConfigurations = (
				838499FD2427A03800EC18CF /* Debug */,
				838499FE2427A03800EC18CF /* Release */,
			);
			defaultConfigurationIsVisible = 0;
			defaultConfigurationName = Release;
		};
		838499FF2427A03800EC18CF /* Build configuration list for PBXNativeTarget "iOS-IleMonet-NBP" */ = {
			isa = XCConfigurationList;
			buildConfigurations = (
				83849A002427A03800EC18CF /* Debug */,
				83849A012427A03800EC18CF /* Release */,
			);
			defaultConfigurationIsVisible = 0;
			defaultConfigurationName = Release;
		};
/* End XCConfigurationList section */
	};
	rootObject = 838499E32427A03600EC18CF /* Project object */;
}
